
Microsoft Visual Studio Solution File, Format Version 12.00
# Visual Studio Version 16
VisualStudioVersion = 16.0.32126.315
MinimumVisualStudioVersion = 10.0.40219.1
Project("{FAE04EC0-301F-11D3-BF4B-00C04F79EFBC}") = "ankitAdocrud", "ankitAdocrud\ankitAdocrud.csproj", "{59AA5720-F089-4581-831E-BC216E228E9C}"
EndProject
Global
	GlobalSection(SolutionConfigurationPlatforms) = preSolution
		Debug|Any CPU = Debug|Any CPU
		Release|Any CPU = Release|Any CPU
	EndGlobalSection
	GlobalSection(ProjectConfigurationPlatforms) = postSolution
		{59AA5720-F089-4581-831E-BC216E228E9C}.Debug|Any CPU.ActiveCfg = Debug|Any CPU
		{59AA5720-F089-4581-831E-BC216E228E9C}.Debug|Any CPU.Build.0 = Debug|Any CPU
		{59AA5720-F089-4581-831E-BC216E228E9C}.Release|Any CPU.ActiveCfg = Release|Any CPU
		{59AA5720-F089-4581-831E-BC216E228E9C}.Release|Any CPU.Build.0 = Release|Any CPU
	EndGlobalSection
	GlobalSection(SolutionProperties) = preSolution
		HideSolutionNode = FALSE
	EndGlobalSection
	GlobalSection(ExtensibilityGlobals) = postSolution
		SolutionGuid = {51FFA765-2156-416A-B35A-ADA073B6A35B}
	EndGlobalSection
EndGlobal
